
Microsoft Visual Studio Solution File, Format Version 12.00
# Visual Studio Version 16
VisualStudioVersion = 16.0.31911.196
MinimumVisualStudioVersion = 10.0.40219.1
Project("{FAE04EC0-301F-11D3-BF4B-00C04F79EFBC}") = "SlideShowApp", "SlideShowApp.csproj", "{E35BD944-95AA-498E-964F-9BA4F02895F4}"
EndProject
Project("{FAE04EC0-301F-11D3-BF4B-00C04F79EFBC}") = "TrexGamePractice", "..\TrexGamePractice\TrexGamePractice.csproj", "{A4EC8F73-8F9C-4C55-875E-F21A4DC493DB}"
EndProject
Global
	GlobalSection(SolutionConfigurationPlatforms) = preSolution
		Debug|Any CPU = Debug|Any CPU
		Release|Any CPU = Release|Any CPU
	EndGlobalSection
	GlobalSection(ProjectConfigurationPlatforms) = postSolution
		{E35BD944-95AA-498E-964F-9BA4F02895F4}.Debug|Any CPU.ActiveCfg = Debug|Any CPU
		{E35BD944-95AA-498E-964F-9BA4F02895F4}.Debug|Any CPU.Build.0 = Debug|Any CPU
		{E35BD944-95AA-498E-964F-9BA4F02895F4}.Release|Any CPU.ActiveCfg = Release|Any CPU
		{E35BD944-95AA-498E-964F-9BA4F02895F4}.Release|Any CPU.Build.0 = Release|Any CPU
		{A4EC8F73-8F9C-4C55-875E-F21A4DC493DB}.Debug|Any CPU.ActiveCfg = Debug|Any CPU
		{A4EC8F73-8F9C-4C55-875E-F21A4DC493DB}.Debug|Any CPU.Build.0 = Debug|Any CPU
		{A4EC8F73-8F9C-4C55-875E-F21A4DC493DB}.Release|Any CPU.ActiveCfg = Release|Any CPU
		{A4EC8F73-8F9C-4C55-875E-F21A4DC493DB}.Release|Any CPU.Build.0 = Release|Any CPU
	EndGlobalSection
	GlobalSection(SolutionProperties) = preSolution
		HideSolutionNode = FALSE
	EndGlobalSection
	GlobalSection(ExtensibilityGlobals) = postSolution
		SolutionGuid = {540A5134-9C2E-4604-9478-C645F049B4A1}
	EndGlobalSection
EndGlobal
