
Microsoft Visual Studio Solution File, Format Version 12.00
# Visual Studio Version 16
VisualStudioVersion = 16.0.31911.196
MinimumVisualStudioVersion = 10.0.40219.1
Project("{FAE04EC0-301F-11D3-BF4B-00C04F79EFBC}") = "Stopwatch", "Stopwatch.csproj", "{63D35592-95C6-49F9-A07A-B6E4CEAEFD0F}"
EndProject
Global
	GlobalSection(SolutionConfigurationPlatforms) = preSolution
		Debug|Any CPU = Debug|Any CPU
		Release|Any CPU = Release|Any CPU
	EndGlobalSection
	GlobalSection(ProjectConfigurationPlatforms) = postSolution
		{63D35592-95C6-49F9-A07A-B6E4CEAEFD0F}.Debug|Any CPU.ActiveCfg = Debug|Any CPU
		{63D35592-95C6-49F9-A07A-B6E4CEAEFD0F}.Debug|Any CPU.Build.0 = Debug|Any CPU
		{63D35592-95C6-49F9-A07A-B6E4CEAEFD0F}.Release|Any CPU.ActiveCfg = Release|Any CPU
		{63D35592-95C6-49F9-A07A-B6E4CEAEFD0F}.Release|Any CPU.Build.0 = Release|Any CPU
	EndGlobalSection
	GlobalSection(SolutionProperties) = preSolution
		HideSolutionNode = FALSE
	EndGlobalSection
	GlobalSection(ExtensibilityGlobals) = postSolution
		SolutionGuid = {2485717A-7DA5-434A-A4F0-80E71F51599B}
	EndGlobalSection
EndGlobal
